// !$*UTF8*$!
{
	archiveVersion = 1;
	classes = {
	};
	objectVersion = 56;
	objects = {

/* Begin PBXBuildFile section */
		/* App files */
		APP001 /* pmkitApp.swift in Sources */ = {isa = PBXBuildFile; fileRef = SRC001; };
		APP002 /* AppState.swift in Sources */ = {isa = PBXBuildFile; fileRef = SRC002; };
		APP003 /* AppDelegate.swift in Sources */ = {isa = PBXBuildFile; fileRef = SRC003; };

		/* Backend files */
		BCK003 /* TokenStorage.swift in Sources */ = {isa = PBXBuildFile; fileRef = SRC012; };

		/* Voice files */
		VOC001 /* VoiceManager.swift in Sources */ = {isa = PBXBuildFile; fileRef = SRC020; };
		VOC002 /* AudioRecorder.swift in Sources */ = {isa = PBXBuildFile; fileRef = SRC021; };
		VOC003 /* DeepgramService.swift in Sources */ = {isa = PBXBuildFile; fileRef = SRC022; };
		VOC004 /* ElevenLabsService.swift in Sources */ = {isa = PBXBuildFile; fileRef = SRC023; };

		/* LLM files */
		LLM001 /* ClaudeService.swift in Sources */ = {isa = PBXBuildFile; fileRef = SRC030; };
		LLM002 /* ConversationManager.swift in Sources */ = {isa = PBXBuildFile; fileRef = SRC031; };
		LLM003 /* FunctionDefinitions.swift in Sources */ = {isa = PBXBuildFile; fileRef = SRC032; };
		LLM004 /* LLMProvider.swift in Sources */ = {isa = PBXBuildFile; fileRef = SRC033; };
		LLM005 /* LLMService.swift in Sources */ = {isa = PBXBuildFile; fileRef = SRC034; };

		/* Views files */
		VEW001 /* MenuBarView.swift in Sources */ = {isa = PBXBuildFile; fileRef = SRC040; };
		VEW002 /* VoiceInputView.swift in Sources */ = {isa = PBXBuildFile; fileRef = SRC041; };
		VEW003 /* ResponseView.swift in Sources */ = {isa = PBXBuildFile; fileRef = SRC042; };
		VEW004 /* SettingsView.swift in Sources */ = {isa = PBXBuildFile; fileRef = SRC043; };
		VEW005 /* AccountSettingsView.swift in Sources */ = {isa = PBXBuildFile; fileRef = SRC044; };
		VEW007 /* VoiceSettingsView.swift in Sources */ = {isa = PBXBuildFile; fileRef = SRC046; };
		VEW008 /* HotkeySettingsView.swift in Sources */ = {isa = PBXBuildFile; fileRef = SRC047; };
		VEW009 /* StorageSettingsView.swift in Sources */ = {isa = PBXBuildFile; fileRef = SRC048; };
		VEW010 /* AboutSettingsView.swift in Sources */ = {isa = PBXBuildFile; fileRef = SRC049; };
		VEW011 /* OnboardingView.swift in Sources */ = {isa = PBXBuildFile; fileRef = SRC050; };
		VEW012 /* WelcomeStep.swift in Sources */ = {isa = PBXBuildFile; fileRef = SRC051; };
		VEW015 /* PreferencesStep.swift in Sources */ = {isa = PBXBuildFile; fileRef = SRC054; };
		VEW017 /* TestItStep.swift in Sources */ = {isa = PBXBuildFile; fileRef = SRC056; };
		VEW018 /* WaveformView.swift in Sources */ = {isa = PBXBuildFile; fileRef = SRC057; };
		VEW019 /* StatusIndicator.swift in Sources */ = {isa = PBXBuildFile; fileRef = SRC058; };

		/* Workflows files */
		WRK001 /* WorkflowManager.swift in Sources */ = {isa = PBXBuildFile; fileRef = SRC070; };

		/* Storage files */
		STR001 /* LocalStorageManager.swift in Sources */ = {isa = PBXBuildFile; fileRef = SRC090; };
		STR002 /* ArtifactWriter.swift in Sources */ = {isa = PBXBuildFile; fileRef = SRC091; };
		STR003 /* SessionLogger.swift in Sources */ = {isa = PBXBuildFile; fileRef = SRC092; };

		/* Utils files */
		UTL001 /* Preferences.swift in Sources */ = {isa = PBXBuildFile; fileRef = SRC100; };
		UTL002 /* HotkeyManager.swift in Sources */ = {isa = PBXBuildFile; fileRef = SRC101; };
		UTL003 /* Extensions.swift in Sources */ = {isa = PBXBuildFile; fileRef = SRC102; };

		/* Resources */
		RES001 /* Assets.xcassets in Resources */ = {isa = PBXBuildFile; fileRef = RSC001; };

/* End PBXBuildFile section */

/* Begin PBXFileReference section */
		/* Product */
		PRD001 /* pmkit.app */ = {isa = PBXFileReference; explicitFileType = wrapper.application; includeInIndex = 0; path = pmkit.app; sourceTree = BUILT_PRODUCTS_DIR; };

		/* App files */
		SRC001 /* pmkitApp.swift */ = {isa = PBXFileReference; lastKnownFileType = sourcecode.swift; path = pmkitApp.swift; sourceTree = "<group>"; };
		SRC002 /* AppState.swift */ = {isa = PBXFileReference; lastKnownFileType = sourcecode.swift; path = AppState.swift; sourceTree = "<group>"; };
		SRC003 /* AppDelegate.swift */ = {isa = PBXFileReference; lastKnownFileType = sourcecode.swift; path = AppDelegate.swift; sourceTree = "<group>"; };

		/* Backend files */
		SRC012 /* TokenStorage.swift */ = {isa = PBXFileReference; lastKnownFileType = sourcecode.swift; path = TokenStorage.swift; sourceTree = "<group>"; };

		/* Voice files */
		SRC020 /* VoiceManager.swift */ = {isa = PBXFileReference; lastKnownFileType = sourcecode.swift; path = VoiceManager.swift; sourceTree = "<group>"; };
		SRC021 /* AudioRecorder.swift */ = {isa = PBXFileReference; lastKnownFileType = sourcecode.swift; path = AudioRecorder.swift; sourceTree = "<group>"; };
		SRC022 /* DeepgramService.swift */ = {isa = PBXFileReference; lastKnownFileType = sourcecode.swift; path = DeepgramService.swift; sourceTree = "<group>"; };
		SRC023 /* ElevenLabsService.swift */ = {isa = PBXFileReference; lastKnownFileType = sourcecode.swift; path = ElevenLabsService.swift; sourceTree = "<group>"; };

		/* LLM files */
		SRC030 /* ClaudeService.swift */ = {isa = PBXFileReference; lastKnownFileType = sourcecode.swift; path = ClaudeService.swift; sourceTree = "<group>"; };
		SRC031 /* ConversationManager.swift */ = {isa = PBXFileReference; lastKnownFileType = sourcecode.swift; path = ConversationManager.swift; sourceTree = "<group>"; };
		SRC032 /* FunctionDefinitions.swift */ = {isa = PBXFileReference; lastKnownFileType = sourcecode.swift; path = FunctionDefinitions.swift; sourceTree = "<group>"; };
		SRC033 /* LLMProvider.swift */ = {isa = PBXFileReference; lastKnownFileType = sourcecode.swift; path = LLMProvider.swift; sourceTree = "<group>"; };
		SRC034 /* LLMService.swift */ = {isa = PBXFileReference; lastKnownFileType = sourcecode.swift; path = LLMService.swift; sourceTree = "<group>"; };

		/* Views - MenuBar */
		SRC040 /* MenuBarView.swift */ = {isa = PBXFileReference; lastKnownFileType = sourcecode.swift; path = MenuBarView.swift; sourceTree = "<group>"; };
		SRC041 /* VoiceInputView.swift */ = {isa = PBXFileReference; lastKnownFileType = sourcecode.swift; path = VoiceInputView.swift; sourceTree = "<group>"; };
		SRC042 /* ResponseView.swift */ = {isa = PBXFileReference; lastKnownFileType = sourcecode.swift; path = ResponseView.swift; sourceTree = "<group>"; };

		/* Views - Settings */
		SRC043 /* SettingsView.swift */ = {isa = PBXFileReference; lastKnownFileType = sourcecode.swift; path = SettingsView.swift; sourceTree = "<group>"; };
		SRC044 /* AccountSettingsView.swift */ = {isa = PBXFileReference; lastKnownFileType = sourcecode.swift; path = AccountSettingsView.swift; sourceTree = "<group>"; };
		SRC046 /* VoiceSettingsView.swift */ = {isa = PBXFileReference; lastKnownFileType = sourcecode.swift; path = VoiceSettingsView.swift; sourceTree = "<group>"; };
		SRC047 /* HotkeySettingsView.swift */ = {isa = PBXFileReference; lastKnownFileType = sourcecode.swift; path = HotkeySettingsView.swift; sourceTree = "<group>"; };
		SRC048 /* StorageSettingsView.swift */ = {isa = PBXFileReference; lastKnownFileType = sourcecode.swift; path = StorageSettingsView.swift; sourceTree = "<group>"; };
		SRC049 /* AboutSettingsView.swift */ = {isa = PBXFileReference; lastKnownFileType = sourcecode.swift; path = AboutSettingsView.swift; sourceTree = "<group>"; };

		/* Views - Onboarding */
		SRC050 /* OnboardingView.swift */ = {isa = PBXFileReference; lastKnownFileType = sourcecode.swift; path = OnboardingView.swift; sourceTree = "<group>"; };
		SRC051 /* WelcomeStep.swift */ = {isa = PBXFileReference; lastKnownFileType = sourcecode.swift; path = WelcomeStep.swift; sourceTree = "<group>"; };
		SRC054 /* PreferencesStep.swift */ = {isa = PBXFileReference; lastKnownFileType = sourcecode.swift; path = PreferencesStep.swift; sourceTree = "<group>"; };
		SRC056 /* TestItStep.swift */ = {isa = PBXFileReference; lastKnownFileType = sourcecode.swift; path = TestItStep.swift; sourceTree = "<group>"; };

		/* Views - Components */
		SRC057 /* WaveformView.swift */ = {isa = PBXFileReference; lastKnownFileType = sourcecode.swift; path = WaveformView.swift; sourceTree = "<group>"; };
		SRC058 /* StatusIndicator.swift */ = {isa = PBXFileReference; lastKnownFileType = sourcecode.swift; path = StatusIndicator.swift; sourceTree = "<group>"; };

		/* Workflows files */
		SRC070 /* WorkflowManager.swift */ = {isa = PBXFileReference; lastKnownFileType = sourcecode.swift; path = WorkflowManager.swift; sourceTree = "<group>"; };

		/* Storage files */
		SRC090 /* LocalStorageManager.swift */ = {isa = PBXFileReference; lastKnownFileType = sourcecode.swift; path = LocalStorageManager.swift; sourceTree = "<group>"; };
		SRC091 /* ArtifactWriter.swift */ = {isa = PBXFileReference; lastKnownFileType = sourcecode.swift; path = ArtifactWriter.swift; sourceTree = "<group>"; };
		SRC092 /* SessionLogger.swift */ = {isa = PBXFileReference; lastKnownFileType = sourcecode.swift; path = SessionLogger.swift; sourceTree = "<group>"; };

		/* Utils files */
		SRC100 /* Preferences.swift */ = {isa = PBXFileReference; lastKnownFileType = sourcecode.swift; path = Preferences.swift; sourceTree = "<group>"; };
		SRC101 /* HotkeyManager.swift */ = {isa = PBXFileReference; lastKnownFileType = sourcecode.swift; path = HotkeyManager.swift; sourceTree = "<group>"; };
		SRC102 /* Extensions.swift */ = {isa = PBXFileReference; lastKnownFileType = sourcecode.swift; path = Extensions.swift; sourceTree = "<group>"; };

		/* Resources */
		RSC001 /* Assets.xcassets */ = {isa = PBXFileReference; lastKnownFileType = folder.assetcatalog; path = Assets.xcassets; sourceTree = "<group>"; };
		RSC002 /* Info.plist */ = {isa = PBXFileReference; lastKnownFileType = text.plist.xml; path = Info.plist; sourceTree = "<group>"; };
		RSC003 /* pmkit.entitlements */ = {isa = PBXFileReference; lastKnownFileType = text.plist.entitlements; path = pmkit.entitlements; sourceTree = "<group>"; };
/* End PBXFileReference section */

/* Begin PBXFrameworksBuildPhase section */
		FRM000 /* Frameworks */ = {
			isa = PBXFrameworksBuildPhase;
			buildActionMask = 2147483647;
			files = (
			);
			runOnlyForDeploymentPostprocessing = 0;
		};
/* End PBXFrameworksBuildPhase section */

/* Begin PBXGroup section */
		GRP000 /* Root */ = {
			isa = PBXGroup;
			children = (
				GRP010 /* App */,
				GRP020 /* Backend */,
				GRP030 /* Voice */,
				GRP040 /* LLM */,
				GRP050 /* Views */,
				GRP060 /* Workflows */,
				GRP080 /* Storage */,
				GRP090 /* Utils */,
				GRP100 /* Resources */,
				GRP999 /* Products */,
			);
			sourceTree = "<group>";
		};
		GRP010 /* App */ = {
			isa = PBXGroup;
			children = (
				SRC001 /* pmkitApp.swift */,
				SRC002 /* AppState.swift */,
				SRC003 /* AppDelegate.swift */,
			);
			path = App;
			sourceTree = "<group>";
		};
		GRP020 /* Backend */ = {
			isa = PBXGroup;
			children = (
				SRC012 /* TokenStorage.swift */,
			);
			path = Backend;
			sourceTree = "<group>";
		};
		GRP030 /* Voice */ = {
			isa = PBXGroup;
			children = (
				SRC020 /* VoiceManager.swift */,
				SRC021 /* AudioRecorder.swift */,
				SRC022 /* DeepgramService.swift */,
				SRC023 /* ElevenLabsService.swift */,
			);
			path = Voice;
			sourceTree = "<group>";
		};
		GRP040 /* LLM */ = {
			isa = PBXGroup;
			children = (
				SRC030 /* ClaudeService.swift */,
				SRC031 /* ConversationManager.swift */,
				SRC032 /* FunctionDefinitions.swift */,
				SRC033 /* LLMProvider.swift */,
				SRC034 /* LLMService.swift */,
			);
			path = LLM;
			sourceTree = "<group>";
		};
		GRP050 /* Views */ = {
			isa = PBXGroup;
			children = (
				GRP051 /* MenuBar */,
				GRP052 /* Settings */,
				GRP053 /* Onboarding */,
				GRP054 /* Components */,
			);
			path = Views;
			sourceTree = "<group>";
		};
		GRP051 /* MenuBar */ = {
			isa = PBXGroup;
			children = (
				SRC040 /* MenuBarView.swift */,
				SRC041 /* VoiceInputView.swift */,
				SRC042 /* ResponseView.swift */,
			);
			path = MenuBar;
			sourceTree = "<group>";
		};
		GRP052 /* Settings */ = {
			isa = PBXGroup;
			children = (
				SRC043 /* SettingsView.swift */,
				SRC044 /* AccountSettingsView.swift */,
				SRC046 /* VoiceSettingsView.swift */,
				SRC047 /* HotkeySettingsView.swift */,
				SRC048 /* StorageSettingsView.swift */,
				SRC049 /* AboutSettingsView.swift */,
			);
			path = Settings;
			sourceTree = "<group>";
		};
		GRP053 /* Onboarding */ = {
			isa = PBXGroup;
			children = (
				SRC050 /* OnboardingView.swift */,
				SRC051 /* WelcomeStep.swift */,
				SRC054 /* PreferencesStep.swift */,
				SRC056 /* TestItStep.swift */,
			);
			path = Onboarding;
			sourceTree = "<group>";
		};
		GRP054 /* Components */ = {
			isa = PBXGroup;
			children = (
				SRC057 /* WaveformView.swift */,
				SRC058 /* StatusIndicator.swift */,
			);
			path = Components;
			sourceTree = "<group>";
		};
		GRP060 /* Workflows */ = {
			isa = PBXGroup;
			children = (
				SRC070 /* WorkflowManager.swift */,
			);
			path = Workflows;
			sourceTree = "<group>";
		};
		GRP080 /* Storage */ = {
			isa = PBXGroup;
			children = (
				SRC090 /* LocalStorageManager.swift */,
				SRC091 /* ArtifactWriter.swift */,
				SRC092 /* SessionLogger.swift */,
			);
			path = Storage;
			sourceTree = "<group>";
		};
		GRP090 /* Utils */ = {
			isa = PBXGroup;
			children = (
				SRC100 /* Preferences.swift */,
				SRC101 /* HotkeyManager.swift */,
				SRC102 /* Extensions.swift */,
			);
			path = Utils;
			sourceTree = "<group>";
		};
		GRP100 /* Resources */ = {
			isa = PBXGroup;
			children = (
				RSC001 /* Assets.xcassets */,
				RSC002 /* Info.plist */,
				RSC003 /* pmkit.entitlements */,
			);
			path = Resources;
			sourceTree = "<group>";
		};
		GRP999 /* Products */ = {
			isa = PBXGroup;
			children = (
				PRD001 /* pmkit.app */,
			);
			name = Products;
			sourceTree = "<group>";
		};
/* End PBXGroup section */

/* Begin PBXNativeTarget section */
		TGT001 /* pmkit */ = {
			isa = PBXNativeTarget;
			buildConfigurationList = CFG002 /* Build configuration list for PBXNativeTarget "pmkit" */;
			buildPhases = (
				SRC000 /* Sources */,
				FRM000 /* Frameworks */,
				RES000 /* Resources */,
			);
			buildRules = (
			);
			dependencies = (
			);
			name = pmkit;
			productName = pmkit;
			productReference = PRD001 /* pmkit.app */;
			productType = "com.apple.product-type.application";
		};
/* End PBXNativeTarget section */

/* Begin PBXProject section */
		PRJ001 /* Project object */ = {
			isa = PBXProject;
			attributes = {
				BuildIndependentTargetsInParallel = 1;
				LastSwiftUpdateCheck = 1500;
				LastUpgradeCheck = 1500;
				TargetAttributes = {
					TGT001 = {
						CreatedOnToolsVersion = 15.0;
					};
				};
			};
			buildConfigurationList = CFG001 /* Build configuration list for PBXProject "pmkit" */;
			compatibilityVersion = "Xcode 14.0";
			developmentRegion = en;
			hasScannedForEncodings = 0;
			knownRegions = (
				en,
				Base,
			);
			mainGroup = GRP000 /* Root */;
			productRefGroup = GRP999 /* Products */;
			projectDirPath = "";
			projectRoot = "";
			targets = (
				TGT001 /* pmkit */,
			);
		};
/* End PBXProject section */

/* Begin PBXResourcesBuildPhase section */
		RES000 /* Resources */ = {
			isa = PBXResourcesBuildPhase;
			buildActionMask = 2147483647;
			files = (
				RES001 /* Assets.xcassets in Resources */,
			);
			runOnlyForDeploymentPostprocessing = 0;
		};
/* End PBXResourcesBuildPhase section */

/* Begin PBXSourcesBuildPhase section */
		SRC000 /* Sources */ = {
			isa = PBXSourcesBuildPhase;
			buildActionMask = 2147483647;
			files = (
				APP001 /* pmkitApp.swift in Sources */,
				APP002 /* AppState.swift in Sources */,
				APP003 /* AppDelegate.swift in Sources */,
				BCK003 /* TokenStorage.swift in Sources */,
				VOC001 /* VoiceManager.swift in Sources */,
				VOC002 /* AudioRecorder.swift in Sources */,
				VOC003 /* DeepgramService.swift in Sources */,
				VOC004 /* ElevenLabsService.swift in Sources */,
				LLM001 /* ClaudeService.swift in Sources */,
				LLM002 /* ConversationManager.swift in Sources */,
				LLM003 /* FunctionDefinitions.swift in Sources */,
				LLM004 /* LLMProvider.swift in Sources */,
				LLM005 /* LLMService.swift in Sources */,
				VEW001 /* MenuBarView.swift in Sources */,
				VEW002 /* VoiceInputView.swift in Sources */,
				VEW003 /* ResponseView.swift in Sources */,
				VEW004 /* SettingsView.swift in Sources */,
				VEW005 /* AccountSettingsView.swift in Sources */,
				VEW007 /* VoiceSettingsView.swift in Sources */,
				VEW008 /* HotkeySettingsView.swift in Sources */,
				VEW009 /* StorageSettingsView.swift in Sources */,
				VEW010 /* AboutSettingsView.swift in Sources */,
				VEW011 /* OnboardingView.swift in Sources */,
				VEW012 /* WelcomeStep.swift in Sources */,
				VEW015 /* PreferencesStep.swift in Sources */,
				VEW017 /* TestItStep.swift in Sources */,
				VEW018 /* WaveformView.swift in Sources */,
				VEW019 /* StatusIndicator.swift in Sources */,
				WRK001 /* WorkflowManager.swift in Sources */,
				STR001 /* LocalStorageManager.swift in Sources */,
				STR002 /* ArtifactWriter.swift in Sources */,
				STR003 /* SessionLogger.swift in Sources */,
				UTL001 /* Preferences.swift in Sources */,
				UTL002 /* HotkeyManager.swift in Sources */,
				UTL003 /* Extensions.swift in Sources */,
			);
			runOnlyForDeploymentPostprocessing = 0;
		};
/* End PBXSourcesBuildPhase section */

/* Begin XCBuildConfiguration section */
		BLD001 /* Debug */ = {
			isa = XCBuildConfiguration;
			buildSettings = {
				ALWAYS_SEARCH_USER_PATHS = NO;
				ASSETCATALOG_COMPILER_GENERATE_SWIFT_ASSET_SYMBOL_EXTENSIONS = YES;
				CLANG_ANALYZER_NONNULL = YES;
				CLANG_ANALYZER_NUMBER_OBJECT_CONVERSION = YES_AGGRESSIVE;
				CLANG_CXX_LANGUAGE_STANDARD = "gnu++20";
				CLANG_ENABLE_MODULES = YES;
				CLANG_ENABLE_OBJC_ARC = YES;
				CLANG_ENABLE_OBJC_WEAK = YES;
				CLANG_WARN_BLOCK_CAPTURE_AUTORELEASING = YES;
				CLANG_WARN_BOOL_CONVERSION = YES;
				CLANG_WARN_COMMA = YES;
				CLANG_WARN_CONSTANT_CONVERSION = YES;
				CLANG_WARN_DEPRECATED_OBJC_IMPLEMENTATIONS = YES;
				CLANG_WARN_DIRECT_OBJC_ISA_USAGE = YES_ERROR;
				CLANG_WARN_DOCUMENTATION_COMMENTS = YES;
				CLANG_WARN_EMPTY_BODY = YES;
				CLANG_WARN_ENUM_CONVERSION = YES;
				CLANG_WARN_INFINITE_RECURSION = YES;
				CLANG_WARN_INT_CONVERSION = YES;
				CLANG_WARN_NON_LITERAL_NULL_CONVERSION = YES;
				CLANG_WARN_OBJC_IMPLICIT_RETAIN_SELF = YES;
				CLANG_WARN_OBJC_LITERAL_CONVERSION = YES;
				CLANG_WARN_OBJC_ROOT_CLASS = YES_ERROR;
				CLANG_WARN_QUOTED_INCLUDE_IN_FRAMEWORK_HEADER = YES;
				CLANG_WARN_RANGE_LOOP_ANALYSIS = YES;
				CLANG_WARN_STRICT_PROTOTYPES = YES;
				CLANG_WARN_SUSPICIOUS_MOVE = YES;
				CLANG_WARN_UNGUARDED_AVAILABILITY = YES_AGGRESSIVE;
				CLANG_WARN_UNREACHABLE_CODE = YES;
				CLANG_WARN__DUPLICATE_METHOD_MATCH = YES;
				COPY_PHASE_STRIP = NO;
				DEBUG_INFORMATION_FORMAT = dwarf;
				ENABLE_STRICT_OBJC_MSGSEND = YES;
				ENABLE_TESTABILITY = YES;
				ENABLE_USER_SCRIPT_SANDBOXING = YES;
				GCC_C_LANGUAGE_STANDARD = gnu17;
				GCC_DYNAMIC_NO_PIC = NO;
				GCC_NO_COMMON_BLOCKS = YES;
				GCC_OPTIMIZATION_LEVEL = 0;
				GCC_PREPROCESSOR_DEFINITIONS = (
					"DEBUG=1",
					"$(inherited)",
				);
				GCC_WARN_64_TO_32_BIT_CONVERSION = YES;
				GCC_WARN_ABOUT_RETURN_TYPE = YES_ERROR;
				GCC_WARN_UNDECLARED_SELECTOR = YES;
				GCC_WARN_UNINITIALIZED_AUTOS = YES_AGGRESSIVE;
				GCC_WARN_UNUSED_FUNCTION = YES;
				GCC_WARN_UNUSED_VARIABLE = YES;
				MACOSX_DEPLOYMENT_TARGET = 13.0;
				MTL_ENABLE_DEBUG_INFO = INCLUDE_SOURCE;
				MTL_FAST_MATH = YES;
				ONLY_ACTIVE_ARCH = YES;
				SDKROOT = macosx;
				SWIFT_ACTIVE_COMPILATION_CONDITIONS = "DEBUG $(inherited)";
				SWIFT_OPTIMIZATION_LEVEL = "-Onone";
			};
			name = Debug;
		};
		BLD002 /* Release */ = {
			isa = XCBuildConfiguration;
			buildSettings = {
				ALWAYS_SEARCH_USER_PATHS = NO;
				ASSETCATALOG_COMPILER_GENERATE_SWIFT_ASSET_SYMBOL_EXTENSIONS = YES;
				CLANG_ANALYZER_NONNULL = YES;
				CLANG_ANALYZER_NUMBER_OBJECT_CONVERSION = YES_AGGRESSIVE;
				CLANG_CXX_LANGUAGE_STANDARD = "gnu++20";
				CLANG_ENABLE_MODULES = YES;
				CLANG_ENABLE_OBJC_ARC = YES;
				CLANG_ENABLE_OBJC_WEAK = YES;
				CLANG_WARN_BLOCK_CAPTURE_AUTORELEASING = YES;
				CLANG_WARN_BOOL_CONVERSION = YES;
				CLANG_WARN_COMMA = YES;
				CLANG_WARN_CONSTANT_CONVERSION = YES;
				CLANG_WARN_DEPRECATED_OBJC_IMPLEMENTATIONS = YES;
				CLANG_WARN_DIRECT_OBJC_ISA_USAGE = YES_ERROR;
				CLANG_WARN_DOCUMENTATION_COMMENTS = YES;
				CLANG_WARN_EMPTY_BODY = YES;
				CLANG_WARN_ENUM_CONVERSION = YES;
				CLANG_WARN_INFINITE_RECURSION = YES;
				CLANG_WARN_INT_CONVERSION = YES;
				CLANG_WARN_NON_LITERAL_NULL_CONVERSION = YES;
				CLANG_WARN_OBJC_IMPLICIT_RETAIN_SELF = YES;
				CLANG_WARN_OBJC_LITERAL_CONVERSION = YES;
				CLANG_WARN_OBJC_ROOT_CLASS = YES_ERROR;
				CLANG_WARN_QUOTED_INCLUDE_IN_FRAMEWORK_HEADER = YES;
				CLANG_WARN_RANGE_LOOP_ANALYSIS = YES;
				CLANG_WARN_STRICT_PROTOTYPES = YES;
				CLANG_WARN_SUSPICIOUS_MOVE = YES;
				CLANG_WARN_UNGUARDED_AVAILABILITY = YES_AGGRESSIVE;
				CLANG_WARN_UNREACHABLE_CODE = YES;
				CLANG_WARN__DUPLICATE_METHOD_MATCH = YES;
				COPY_PHASE_STRIP = NO;
				DEBUG_INFORMATION_FORMAT = "dwarf-with-dsym";
				ENABLE_NS_ASSERTIONS = NO;
				ENABLE_STRICT_OBJC_MSGSEND = YES;
				ENABLE_USER_SCRIPT_SANDBOXING = YES;
				GCC_C_LANGUAGE_STANDARD = gnu17;
				GCC_NO_COMMON_BLOCKS = YES;
				GCC_WARN_64_TO_32_BIT_CONVERSION = YES;
				GCC_WARN_ABOUT_RETURN_TYPE = YES_ERROR;
				GCC_WARN_UNDECLARED_SELECTOR = YES;
				GCC_WARN_UNINITIALIZED_AUTOS = YES_AGGRESSIVE;
				GCC_WARN_UNUSED_FUNCTION = YES;
				GCC_WARN_UNUSED_VARIABLE = YES;
				MACOSX_DEPLOYMENT_TARGET = 13.0;
				MTL_ENABLE_DEBUG_INFO = NO;
				MTL_FAST_MATH = YES;
				SDKROOT = macosx;
				SWIFT_COMPILATION_MODE = wholemodule;
			};
			name = Release;
		};
		BLD003 /* Debug */ = {
			isa = XCBuildConfiguration;
			buildSettings = {
				ASSETCATALOG_COMPILER_APPICON_NAME = AppIcon;
				ASSETCATALOG_COMPILER_GLOBAL_ACCENT_COLOR_NAME = AccentColor;
				CODE_SIGN_ENTITLEMENTS = Resources/pmkit.entitlements;
				CODE_SIGN_STYLE = Automatic;
				COMBINE_HIDPI_IMAGES = YES;
				CURRENT_PROJECT_VERSION = 1;
				DEVELOPMENT_TEAM = "";
				ENABLE_HARDENED_RUNTIME = YES;
				GENERATE_INFOPLIST_FILE = NO;
				INFOPLIST_FILE = Resources/Info.plist;
				INFOPLIST_KEY_CFBundleDisplayName = pmkit;
				INFOPLIST_KEY_LSApplicationCategoryType = "public.app-category.productivity";
				INFOPLIST_KEY_NSHumanReadableCopyright = "Copyright © 2024 pmkit. All rights reserved.";
				INFOPLIST_KEY_NSMicrophoneUsageDescription = "pmkit needs microphone access for voice commands.";
				LD_RUNPATH_SEARCH_PATHS = (
					"$(inherited)",
					"@executable_path/../Frameworks",
				);
				MARKETING_VERSION = 1.0.0;
				PRODUCT_BUNDLE_IDENTIFIER = com.getpmkit.pmkit;
				PRODUCT_NAME = "$(TARGET_NAME)";
				SWIFT_EMIT_LOC_STRINGS = YES;
				SWIFT_VERSION = 5.0;
			};
			name = Debug;
		};
		BLD004 /* Release */ = {
			isa = XCBuildConfiguration;
			buildSettings = {
				ASSETCATALOG_COMPILER_APPICON_NAME = AppIcon;
				ASSETCATALOG_COMPILER_GLOBAL_ACCENT_COLOR_NAME = AccentColor;
				CODE_SIGN_ENTITLEMENTS = Resources/pmkit.entitlements;
				CODE_SIGN_STYLE = Automatic;
				COMBINE_HIDPI_IMAGES = YES;
				CURRENT_PROJECT_VERSION = 1;
				DEVELOPMENT_TEAM = "";
				ENABLE_HARDENED_RUNTIME = YES;
				GENERATE_INFOPLIST_FILE = NO;
				INFOPLIST_FILE = Resources/Info.plist;
				INFOPLIST_KEY_CFBundleDisplayName = pmkit;
				INFOPLIST_KEY_LSApplicationCategoryType = "public.app-category.productivity";
				INFOPLIST_KEY_NSHumanReadableCopyright = "Copyright © 2024 pmkit. All rights reserved.";
				INFOPLIST_KEY_NSMicrophoneUsageDescription = "pmkit needs microphone access for voice commands.";
				LD_RUNPATH_SEARCH_PATHS = (
					"$(inherited)",
					"@executable_path/../Frameworks",
				);
				MARKETING_VERSION = 1.0.0;
				PRODUCT_BUNDLE_IDENTIFIER = com.getpmkit.pmkit;
				PRODUCT_NAME = "$(TARGET_NAME)";
				SWIFT_EMIT_LOC_STRINGS = YES;
				SWIFT_VERSION = 5.0;
			};
			name = Release;
		};
/* End XCBuildConfiguration section */

/* Begin XCConfigurationList section */
		CFG001 /* Build configuration list for PBXProject "pmkit" */ = {
			isa = XCConfigurationList;
			buildConfigurations = (
				BLD001 /* Debug */,
				BLD002 /* Release */,
			);
			defaultConfigurationIsVisible = 0;
			defaultConfigurationName = Release;
		};
		CFG002 /* Build configuration list for PBXNativeTarget "pmkit" */ = {
			isa = XCConfigurationList;
			buildConfigurations = (
				BLD003 /* Debug */,
				BLD004 /* Release */,
			);
			defaultConfigurationIsVisible = 0;
			defaultConfigurationName = Release;
		};
/* End XCConfigurationList section */

	};
	rootObject = PRJ001 /* Project object */;
}
